
Microsoft Visual Studio Solution File, Format Version 12.00
# Visual Studio Version 17
VisualStudioVersion = 17.0.31903.59
MinimumVisualStudioVersion = 10.0.40219.1
Project("{FAE04EC0-301F-11D3-BF4B-00C04F79EFBC}") = "API", "API\API.csproj", "{F334F6CE-5814-4BD1-A2F1-447056C07544}"
EndProject
Project("{FAE04EC0-301F-11D3-BF4B-00C04F79EFBC}") = "Application", "Application\Application.csproj", "{9481CC30-E7EC-4E67-B4AC-E13B3C2E89E0}"
EndProject
Project("{FAE04EC0-301F-11D3-BF4B-00C04F79EFBC}") = "Domain", "Domain\Domain.csproj", "{2F3E7221-83EA-4680-8506-44AF132B6E73}"
EndProject
Project("{FAE04EC0-301F-11D3-BF4B-00C04F79EFBC}") = "Persistence", "Persistence\Persistence.csproj", "{3E5206CA-880C-4276-BC02-CE2B229E667E}"
EndProject
Global
	GlobalSection(SolutionConfigurationPlatforms) = preSolution
		Debug|Any CPU = Debug|Any CPU
		Debug|x64 = Debug|x64
		Debug|x86 = Debug|x86
		Release|Any CPU = Release|Any CPU
		Release|x64 = Release|x64
		Release|x86 = Release|x86
	EndGlobalSection
	GlobalSection(ProjectConfigurationPlatforms) = postSolution
		{F334F6CE-5814-4BD1-A2F1-447056C07544}.Debug|Any CPU.ActiveCfg = Debug|Any CPU
		{F334F6CE-5814-4BD1-A2F1-447056C07544}.Debug|Any CPU.Build.0 = Debug|Any CPU
		{F334F6CE-5814-4BD1-A2F1-447056C07544}.Debug|x64.ActiveCfg = Debug|Any CPU
		{F334F6CE-5814-4BD1-A2F1-447056C07544}.Debug|x64.Build.0 = Debug|Any CPU
		{F334F6CE-5814-4BD1-A2F1-447056C07544}.Debug|x86.ActiveCfg = Debug|Any CPU
		{F334F6CE-5814-4BD1-A2F1-447056C07544}.Debug|x86.Build.0 = Debug|Any CPU
		{F334F6CE-5814-4BD1-A2F1-447056C07544}.Release|Any CPU.ActiveCfg = Release|Any CPU
		{F334F6CE-5814-4BD1-A2F1-447056C07544}.Release|Any CPU.Build.0 = Release|Any CPU
		{F334F6CE-5814-4BD1-A2F1-447056C07544}.Release|x64.ActiveCfg = Release|Any CPU
		{F334F6CE-5814-4BD1-A2F1-447056C07544}.Release|x64.Build.0 = Release|Any CPU
		{F334F6CE-5814-4BD1-A2F1-447056C07544}.Release|x86.ActiveCfg = Release|Any CPU
		{F334F6CE-5814-4BD1-A2F1-447056C07544}.Release|x86.Build.0 = Release|Any CPU
		{9481CC30-E7EC-4E67-B4AC-E13B3C2E89E0}.Debug|Any CPU.ActiveCfg = Debug|Any CPU
		{9481CC30-E7EC-4E67-B4AC-E13B3C2E89E0}.Debug|Any CPU.Build.0 = Debug|Any CPU
		{9481CC30-E7EC-4E67-B4AC-E13B3C2E89E0}.Debug|x64.ActiveCfg = Debug|Any CPU
		{9481CC30-E7EC-4E67-B4AC-E13B3C2E89E0}.Debug|x64.Build.0 = Debug|Any CPU
		{9481CC30-E7EC-4E67-B4AC-E13B3C2E89E0}.Debug|x86.ActiveCfg = Debug|Any CPU
		{9481CC30-E7EC-4E67-B4AC-E13B3C2E89E0}.Debug|x86.Build.0 = Debug|Any CPU
		{9481CC30-E7EC-4E67-B4AC-E13B3C2E89E0}.Release|Any CPU.ActiveCfg = Release|Any CPU
		{9481CC30-E7EC-4E67-B4AC-E13B3C2E89E0}.Release|Any CPU.Build.0 = Release|Any CPU
		{9481CC30-E7EC-4E67-B4AC-E13B3C2E89E0}.Release|x64.ActiveCfg = Release|Any CPU
		{9481CC30-E7EC-4E67-B4AC-E13B3C2E89E0}.Release|x64.Build.0 = Release|Any CPU
		{9481CC30-E7EC-4E67-B4AC-E13B3C2E89E0}.Release|x86.ActiveCfg = Release|Any CPU
		{9481CC30-E7EC-4E67-B4AC-E13B3C2E89E0}.Release|x86.Build.0 = Release|Any CPU
		{2F3E7221-83EA-4680-8506-44AF132B6E73}.Debug|Any CPU.ActiveCfg = Debug|Any CPU
		{2F3E7221-83EA-4680-8506-44AF132B6E73}.Debug|Any CPU.Build.0 = Debug|Any CPU
		{2F3E7221-83EA-4680-8506-44AF132B6E73}.Debug|x64.ActiveCfg = Debug|Any CPU
		{2F3E7221-83EA-4680-8506-44AF132B6E73}.Debug|x64.Build.0 = Debug|Any CPU
		{2F3E7221-83EA-4680-8506-44AF132B6E73}.Debug|x86.ActiveCfg = Debug|Any CPU
		{2F3E7221-83EA-4680-8506-44AF132B6E73}.Debug|x86.Build.0 = Debug|Any CPU
		{2F3E7221-83EA-4680-8506-44AF132B6E73}.Release|Any CPU.ActiveCfg = Release|Any CPU
		{2F3E7221-83EA-4680-8506-44AF132B6E73}.Release|Any CPU.Build.0 = Release|Any CPU
		{2F3E7221-83EA-4680-8506-44AF132B6E73}.Release|x64.ActiveCfg = Release|Any CPU
		{2F3E7221-83EA-4680-8506-44AF132B6E73}.Release|x64.Build.0 = Release|Any CPU
		{2F3E7221-83EA-4680-8506-44AF132B6E73}.Release|x86.ActiveCfg = Release|Any CPU
		{2F3E7221-83EA-4680-8506-44AF132B6E73}.Release|x86.Build.0 = Release|Any CPU
		{3E5206CA-880C-4276-BC02-CE2B229E667E}.Debug|Any CPU.ActiveCfg = Debug|Any CPU
		{3E5206CA-880C-4276-BC02-CE2B229E667E}.Debug|Any CPU.Build.0 = Debug|Any CPU
		{3E5206CA-880C-4276-BC02-CE2B229E667E}.Debug|x64.ActiveCfg = Debug|Any CPU
		{3E5206CA-880C-4276-BC02-CE2B229E667E}.Debug|x64.Build.0 = Debug|Any CPU
		{3E5206CA-880C-4276-BC02-CE2B229E667E}.Debug|x86.ActiveCfg = Debug|Any CPU
		{3E5206CA-880C-4276-BC02-CE2B229E667E}.Debug|x86.Build.0 = Debug|Any CPU
		{3E5206CA-880C-4276-BC02-CE2B229E667E}.Release|Any CPU.ActiveCfg = Release|Any CPU
		{3E5206CA-880C-4276-BC02-CE2B229E667E}.Release|Any CPU.Build.0 = Release|Any CPU
		{3E5206CA-880C-4276-BC02-CE2B229E667E}.Release|x64.ActiveCfg = Release|Any CPU
		{3E5206CA-880C-4276-BC02-CE2B229E667E}.Release|x64.Build.0 = Release|Any CPU
		{3E5206CA-880C-4276-BC02-CE2B229E667E}.Release|x86.ActiveCfg = Release|Any CPU
		{3E5206CA-880C-4276-BC02-CE2B229E667E}.Release|x86.Build.0 = Release|Any CPU
	EndGlobalSection
	GlobalSection(SolutionProperties) = preSolution
		HideSolutionNode = FALSE
	EndGlobalSection
EndGlobal
